
Microsoft Visual Studio Solution File, Format Version 12.00
# Visual Studio Version 16
VisualStudioVersion = 16.0.29613.14
MinimumVisualStudioVersion = 10.0.40219.1
Project("{8BC9CEB8-8B4A-11D0-8D11-00A0C91BC942}") = "Othello", "Othello\Othello.vcxproj", "{6ABE59A0-B129-4454-AAD1-E615581D49AB}"
EndProject
Project("{8BC9CEB8-8B4A-11D0-8D11-00A0C91BC942}") = "OthelloGame", "OthelloGame\OthelloGame.vcxproj", "{C9E0B762-93AB-4A9F-B2EA-731BB6A01738}"
EndProject
Global
	GlobalSection(SolutionConfigurationPlatforms) = preSolution
		Debug|x64 = Debug|x64
		Debug|x86 = Debug|x86
		Release|x64 = Release|x64
		Release|x86 = Release|x86
	EndGlobalSection
	GlobalSection(ProjectConfigurationPlatforms) = postSolution
		{6ABE59A0-B129-4454-AAD1-E615581D49AB}.Debug|x64.ActiveCfg = Debug|x64
		{6ABE59A0-B129-4454-AAD1-E615581D49AB}.Debug|x64.Build.0 = Debug|x64
		{6ABE59A0-B129-4454-AAD1-E615581D49AB}.Debug|x86.ActiveCfg = Debug|Win32
		{6ABE59A0-B129-4454-AAD1-E615581D49AB}.Debug|x86.Build.0 = Debug|Win32
		{6ABE59A0-B129-4454-AAD1-E615581D49AB}.Release|x64.ActiveCfg = Release|x64
		{6ABE59A0-B129-4454-AAD1-E615581D49AB}.Release|x64.Build.0 = Release|x64
		{6ABE59A0-B129-4454-AAD1-E615581D49AB}.Release|x86.ActiveCfg = Release|Win32
		{6ABE59A0-B129-4454-AAD1-E615581D49AB}.Release|x86.Build.0 = Release|Win32
		{C9E0B762-93AB-4A9F-B2EA-731BB6A01738}.Debug|x64.ActiveCfg = Debug|x64
		{C9E0B762-93AB-4A9F-B2EA-731BB6A01738}.Debug|x64.Build.0 = Debug|x64
		{C9E0B762-93AB-4A9F-B2EA-731BB6A01738}.Debug|x86.ActiveCfg = Debug|Win32
		{C9E0B762-93AB-4A9F-B2EA-731BB6A01738}.Debug|x86.Build.0 = Debug|Win32
		{C9E0B762-93AB-4A9F-B2EA-731BB6A01738}.Release|x64.ActiveCfg = Release|x64
		{C9E0B762-93AB-4A9F-B2EA-731BB6A01738}.Release|x64.Build.0 = Release|x64
		{C9E0B762-93AB-4A9F-B2EA-731BB6A01738}.Release|x86.ActiveCfg = Release|Win32
		{C9E0B762-93AB-4A9F-B2EA-731BB6A01738}.Release|x86.Build.0 = Release|Win32
	EndGlobalSection
	GlobalSection(SolutionProperties) = preSolution
		HideSolutionNode = FALSE
	EndGlobalSection
	GlobalSection(ExtensibilityGlobals) = postSolution
		SolutionGuid = {BE78C80E-1DD0-4E30-BF30-47D84955D4BB}
	EndGlobalSection
EndGlobal
